Microsoft Visual Studio Solution File, Format Version 12.00
# Visual Studio Version 17
VisualStudioVersion = 17.14.35906.104
MinimumVisualStudioVersion = 10.0.40219.1
Project("{FAE04EC0-301F-11D3-BF4B-00C04F79EFBC}") = "DairyWebApp", "DairyWebApp\DairyWebApp.csproj", "{957EDA6E-58CD-4EE4-9964-75626D5AB820}"
EndProject
Global
	GlobalSection(SolutionConfigurationPlatforms) = preSolution
		Debug|Any CPU = Debug|Any CPU
		Release|Any CPU = Release|Any CPU
	EndGlobalSection
	GlobalSection(ProjectConfigurationPlatforms) = postSolution
		{957EDA6E-58CD-4EE4-9964-75626D5AB820}.Debug|Any CPU.ActiveCfg = Debug|Any CPU
		{957EDA6E-58CD-4EE4-9964-75626D5AB820}.Debug|Any CPU.Build.0 = Debug|Any CPU
		{957EDA6E-58CD-4EE4-9964-75626D5AB820}.Release|Any CPU.ActiveCfg = Release|Any CPU
		{957EDA6E-58CD-4EE4-9964-75626D5AB820}.Release|Any CPU.Build.0 = Release|Any CPU
	EndGlobalSection
	GlobalSection(SolutionProperties) = preSolution
		HideSolutionNode = FALSE
	EndGlobalSection
	GlobalSection(ExtensibilityGlobals) = postSolution
		SolutionGuid = {2A9D27D6-4A5C-4673-BC32-3C984EEEBBE0}
	EndGlobalSection
EndGlobal
